
Microsoft Visual Studio Solution File, Format Version 12.00
# Visual Studio Version 16
VisualStudioVersion = 16.0.30517.126
MinimumVisualStudioVersion = 10.0.40219.1
Project("{9A19103F-16F7-4668-BE54-9A1E7A4F7556}") = "audio recorder cmd", "audio recorder cmd\audio recorder cmd.csproj", "{0C65AD3F-1A53-4287-84B4-DF0B8B948317}"
EndProject
Project("{9A19103F-16F7-4668-BE54-9A1E7A4F7556}") = "audio recorder UI", "audio recorder UI\audio recorder UI.csproj", "{D1A38339-A2C8-4549-A26C-E7655FF7C150}"
EndProject
Project("{FAE04EC0-301F-11D3-BF4B-00C04F79EFBC}") = "audio recorder serv", "audio recorder serv\audio recorder serv.csproj", "{FDBC98E9-D6FB-442A-ABFC-773F9050C6D5}"
EndProject
Global
	GlobalSection(SolutionConfigurationPlatforms) = preSolution
		Debug|Any CPU = Debug|Any CPU
		Release|Any CPU = Release|Any CPU
	EndGlobalSection
	GlobalSection(ProjectConfigurationPlatforms) = postSolution
		{0C65AD3F-1A53-4287-84B4-DF0B8B948317}.Debug|Any CPU.ActiveCfg = Debug|Any CPU
		{0C65AD3F-1A53-4287-84B4-DF0B8B948317}.Debug|Any CPU.Build.0 = Debug|Any CPU
		{0C65AD3F-1A53-4287-84B4-DF0B8B948317}.Release|Any CPU.ActiveCfg = Release|Any CPU
		{0C65AD3F-1A53-4287-84B4-DF0B8B948317}.Release|Any CPU.Build.0 = Release|Any CPU
		{D1A38339-A2C8-4549-A26C-E7655FF7C150}.Debug|Any CPU.ActiveCfg = Debug|Any CPU
		{D1A38339-A2C8-4549-A26C-E7655FF7C150}.Debug|Any CPU.Build.0 = Debug|Any CPU
		{D1A38339-A2C8-4549-A26C-E7655FF7C150}.Release|Any CPU.ActiveCfg = Release|Any CPU
		{D1A38339-A2C8-4549-A26C-E7655FF7C150}.Release|Any CPU.Build.0 = Release|Any CPU
		{FDBC98E9-D6FB-442A-ABFC-773F9050C6D5}.Debug|Any CPU.ActiveCfg = Debug|Any CPU
		{FDBC98E9-D6FB-442A-ABFC-773F9050C6D5}.Debug|Any CPU.Build.0 = Debug|Any CPU
		{FDBC98E9-D6FB-442A-ABFC-773F9050C6D5}.Release|Any CPU.ActiveCfg = Release|Any CPU
		{FDBC98E9-D6FB-442A-ABFC-773F9050C6D5}.Release|Any CPU.Build.0 = Release|Any CPU
	EndGlobalSection
	GlobalSection(SolutionProperties) = preSolution
		HideSolutionNode = FALSE
	EndGlobalSection
	GlobalSection(ExtensibilityGlobals) = postSolution
		SolutionGuid = {CD6628C6-131B-43A3-8CB8-0C0A1FABA6FC}
	EndGlobalSection
EndGlobal
